dependencies:
- name: dapr
  repository: https://dapr.github.io/helm-charts/
  version: 1.7.2
- name: gitea
  repository: https://dl.gitea.io/charts/
  version: 5.0.7
- name: istiod
  repository: https://istio-release.storage.googleapis.com/charts
  version: 1.13.3
- name: tidb-operator
  repository: https://charts.pingcap.org/
  version: v1.3.2
- name: base
  repository: https://istio-release.storage.googleapis.com/charts
  version: 1.13.3
digest: sha256:1b14d6f95bacb048f33d75bc6d7caaadea4843ea3639a6fa1eeb6f4e496d38ea
generated: "2022-05-17T15:24:44.008125-04:00"
