dependencies:
- name: dapr
  repository: https://dapr.github.io/helm-charts/
  version: 1.7.2
- name: gitea
  repository: https://dl.gitea.io/charts/
  version: 5.0.7
- name: istiod
  repository: https://istio-release.storage.googleapis.com/charts
  version: 1.13.3
- name: tidb-operator
  repository: https://charts.pingcap.org/
  version: v1.3.2
- name: base
  repository: https://istio-release.storage.googleapis.com/charts
  version: 1.13.3
- name: argo-workflows
  repository: https://charts.bitnami.com/bitnami
  version: 2.0.2
digest: sha256:f9dfdf34ae659bfaae6f4c25fcea9bb1e19f79807de705beed0363e98af0323c
generated: "2022-05-17T12:30:59.727565-04:00"
