dependencies:
- name: dapr
  repository: https://dapr.github.io/helm-charts/
  version: 1.7.2
- name: gitea
  repository: https://dl.gitea.io/charts/
  version: 5.0.7
- name: tidb-operator
  repository: https://charts.pingcap.org/
  version: v1.3.2
- name: base
  repository: https://istio-release.storage.googleapis.com/charts
  version: 1.13.3
- name: istiod
  repository: https://istio-release.storage.googleapis.com/charts
  version: 1.13.3
digest: sha256:faab5b87a1c5f6494a3fbe32b9c6160726013285d833d6e47714180fb4ff6ce5
generated: "2022-05-24T14:14:27.356991-04:00"
